
Microsoft Visual Studio Solution File, Format Version 12.00
# Visual Studio 14
VisualStudioVersion = 14.0.23107.0
MinimumVisualStudioVersion = 10.0.40219.1
Project("{FAE04EC0-301F-11D3-BF4B-00C04F79EFBC}") = "ConsoleApplication32", "ConsoleApplication32\ConsoleApplication32.csproj", "{8AE2DF28-6DC5-4B70-AA6D-D8C0664BDBFD}"
EndProject
Global
	GlobalSection(SolutionConfigurationPlatforms) = preSolution
		Debug|Any CPU = Debug|Any CPU
		Release|Any CPU = Release|Any CPU
	EndGlobalSection
	GlobalSection(ProjectConfigurationPlatforms) = postSolution
		{8AE2DF28-6DC5-4B70-AA6D-D8C0664BDBFD}.Debug|Any CPU.ActiveCfg = Debug|Any CPU
		{8AE2DF28-6DC5-4B70-AA6D-D8C0664BDBFD}.Debug|Any CPU.Build.0 = Debug|Any CPU
		{8AE2DF28-6DC5-4B70-AA6D-D8C0664BDBFD}.Release|Any CPU.ActiveCfg = Release|Any CPU
		{8AE2DF28-6DC5-4B70-AA6D-D8C0664BDBFD}.Release|Any CPU.Build.0 = Release|Any CPU
	EndGlobalSection
	GlobalSection(SolutionProperties) = preSolution
		HideSolutionNode = FALSE
	EndGlobalSection
EndGlobal
